
Microsoft Visual Studio Solution File, Format Version 12.00
# Visual Studio Version 17
VisualStudioVersion = 17.5.33424.131
MinimumVisualStudioVersion = 10.0.40219.1
Project("{FAE04EC0-301F-11D3-BF4B-00C04F79EFBC}") = "CodeSnippets", "CodeSnippets.csproj", "{7C43F83E-EB83-448F-AC70-A3311C0D4D84}"
EndProject
Project("{FAE04EC0-301F-11D3-BF4B-00C04F79EFBC}") = "CodeSnippets.Test", "CodeSnippets.Test\CodeSnippets.Test.csproj", "{9FD45D79-F82E-4F73-AA4C-E9721EF2D69C}"
EndProject
Project("{FAE04EC0-301F-11D3-BF4B-00C04F79EFBC}") = "Sample", "Sample\Sample.csproj", "{C1AC183C-916D-435D-B912-5BDC5F0229AD}"
EndProject
Global
	GlobalSection(SolutionConfigurationPlatforms) = preSolution
		Debug|Any CPU = Debug|Any CPU
		Release|Any CPU = Release|Any CPU
	EndGlobalSection
	GlobalSection(ProjectConfigurationPlatforms) = postSolution
		{7C43F83E-EB83-448F-AC70-A3311C0D4D84}.Debug|Any CPU.ActiveCfg = Debug|Any CPU
		{7C43F83E-EB83-448F-AC70-A3311C0D4D84}.Debug|Any CPU.Build.0 = Debug|Any CPU
		{7C43F83E-EB83-448F-AC70-A3311C0D4D84}.Release|Any CPU.ActiveCfg = Release|Any CPU
		{7C43F83E-EB83-448F-AC70-A3311C0D4D84}.Release|Any CPU.Build.0 = Release|Any CPU
		{9FD45D79-F82E-4F73-AA4C-E9721EF2D69C}.Debug|Any CPU.ActiveCfg = Debug|Any CPU
		{9FD45D79-F82E-4F73-AA4C-E9721EF2D69C}.Debug|Any CPU.Build.0 = Debug|Any CPU
		{9FD45D79-F82E-4F73-AA4C-E9721EF2D69C}.Release|Any CPU.ActiveCfg = Release|Any CPU
		{9FD45D79-F82E-4F73-AA4C-E9721EF2D69C}.Release|Any CPU.Build.0 = Release|Any CPU
		{C1AC183C-916D-435D-B912-5BDC5F0229AD}.Debug|Any CPU.ActiveCfg = Debug|Any CPU
		{C1AC183C-916D-435D-B912-5BDC5F0229AD}.Debug|Any CPU.Build.0 = Debug|Any CPU
		{C1AC183C-916D-435D-B912-5BDC5F0229AD}.Release|Any CPU.ActiveCfg = Release|Any CPU
		{C1AC183C-916D-435D-B912-5BDC5F0229AD}.Release|Any CPU.Build.0 = Release|Any CPU
	EndGlobalSection
	GlobalSection(SolutionProperties) = preSolution
		HideSolutionNode = FALSE
	EndGlobalSection
	GlobalSection(ExtensibilityGlobals) = postSolution
		SolutionGuid = {CCBF29A0-DA00-4F56-BCED-51EBB2A1E5A5}
	EndGlobalSection
EndGlobal
